
Microsoft Visual Studio Solution File, Format Version 12.00
# Visual Studio Version 17
VisualStudioVersion = 17.6.33815.320
MinimumVisualStudioVersion = 10.0.40219.1
Project("{FAE04EC0-301F-11D3-BF4B-00C04F79EFBC}") = "task13", "task13\task13.csproj", "{474D44FF-E328-4920-8BFD-6789ECBB0430}"
EndProject
Global
	GlobalSection(SolutionConfigurationPlatforms) = preSolution
		Debug|Any CPU = Debug|Any CPU
		Release|Any CPU = Release|Any CPU
	EndGlobalSection
	GlobalSection(ProjectConfigurationPlatforms) = postSolution
		{474D44FF-E328-4920-8BFD-6789ECBB0430}.Debug|Any CPU.ActiveCfg = Debug|Any CPU
		{474D44FF-E328-4920-8BFD-6789ECBB0430}.Debug|Any CPU.Build.0 = Debug|Any CPU
		{474D44FF-E328-4920-8BFD-6789ECBB0430}.Release|Any CPU.ActiveCfg = Release|Any CPU
		{474D44FF-E328-4920-8BFD-6789ECBB0430}.Release|Any CPU.Build.0 = Release|Any CPU
	EndGlobalSection
	GlobalSection(SolutionProperties) = preSolution
		HideSolutionNode = FALSE
	EndGlobalSection
	GlobalSection(ExtensibilityGlobals) = postSolution
		SolutionGuid = {9B527608-CB17-4302-B278-E312DE092F15}
	EndGlobalSection
EndGlobal
