
Microsoft Visual Studio Solution File, Format Version 12.00
# Visual Studio Version 17
VisualStudioVersion = 17.6.33815.320
MinimumVisualStudioVersion = 10.0.40219.1
Project("{FAE04EC0-301F-11D3-BF4B-00C04F79EFBC}") = "task1", "task1\task1.csproj", "{EA6CEBD2-6D0D-4122-914F-F81A3899D1F4}"
EndProject
Global
	GlobalSection(SolutionConfigurationPlatforms) = preSolution
		Debug|Any CPU = Debug|Any CPU
		Release|Any CPU = Release|Any CPU
	EndGlobalSection
	GlobalSection(ProjectConfigurationPlatforms) = postSolution
		{EA6CEBD2-6D0D-4122-914F-F81A3899D1F4}.Debug|Any CPU.ActiveCfg = Debug|Any CPU
		{EA6CEBD2-6D0D-4122-914F-F81A3899D1F4}.Debug|Any CPU.Build.0 = Debug|Any CPU
		{EA6CEBD2-6D0D-4122-914F-F81A3899D1F4}.Release|Any CPU.ActiveCfg = Release|Any CPU
		{EA6CEBD2-6D0D-4122-914F-F81A3899D1F4}.Release|Any CPU.Build.0 = Release|Any CPU
	EndGlobalSection
	GlobalSection(SolutionProperties) = preSolution
		HideSolutionNode = FALSE
	EndGlobalSection
	GlobalSection(ExtensibilityGlobals) = postSolution
		SolutionGuid = {99F97066-887C-4D76-8DE5-4DAB0A8DABE8}
	EndGlobalSection
EndGlobal
