
Microsoft Visual Studio Solution File, Format Version 12.00
# Visual Studio Version 17
VisualStudioVersion = 17.6.33815.320
MinimumVisualStudioVersion = 10.0.40219.1
Project("{FAE04EC0-301F-11D3-BF4B-00C04F79EFBC}") = "task14", "task14\task14.csproj", "{4F51B7D9-454C-4C52-AE89-11BE85AAE11D}"
EndProject
Global
	GlobalSection(SolutionConfigurationPlatforms) = preSolution
		Debug|Any CPU = Debug|Any CPU
		Release|Any CPU = Release|Any CPU
	EndGlobalSection
	GlobalSection(ProjectConfigurationPlatforms) = postSolution
		{4F51B7D9-454C-4C52-AE89-11BE85AAE11D}.Debug|Any CPU.ActiveCfg = Debug|Any CPU
		{4F51B7D9-454C-4C52-AE89-11BE85AAE11D}.Debug|Any CPU.Build.0 = Debug|Any CPU
		{4F51B7D9-454C-4C52-AE89-11BE85AAE11D}.Release|Any CPU.ActiveCfg = Release|Any CPU
		{4F51B7D9-454C-4C52-AE89-11BE85AAE11D}.Release|Any CPU.Build.0 = Release|Any CPU
	EndGlobalSection
	GlobalSection(SolutionProperties) = preSolution
		HideSolutionNode = FALSE
	EndGlobalSection
	GlobalSection(ExtensibilityGlobals) = postSolution
		SolutionGuid = {4D579115-1108-4EE6-A965-F5844872761B}
	EndGlobalSection
EndGlobal
